{
  "name": "moe-ergo-range-experiment",
  "lockfileVersion": 3,
  "requires": true,
  "packages": {
    "": {
      "name": "moe-ergo-range-experiment",
      "dependencies": {
        "@fleet-sdk/serializer": "0.11.0",
        "@noble/hashes": "1.8.0"
      },
      "engines": {
        "node": ">=24"
      }
    },
    "node_modules/@fleet-sdk/common": {
      "version": "0.10.0",
      "resolved": "https://registry.npmjs.org/@fleet-sdk/common/-/common-0.10.0.tgz",
      "integrity": "sha512-N92zENyHYhKtKxhJ6jJbWgV3PCkCGM0LYLmn6OOXNqDVbwT9UFgHOTt7eXFd9tqIhwMMPCnlffNe4c+P+CnsJA==",
      "license": "MIT",
      "engines": {
        "node": ">=18"
      }
    },
    "node_modules/@fleet-sdk/crypto": {
      "version": "0.11.0",
      "resolved": "https://registry.npmjs.org/@fleet-sdk/crypto/-/crypto-0.11.0.tgz",
      "integrity": "sha512-oGyrnL0AyzPSsPdA32y4TEFQ6vJlNDMt9nwiArd2TYbtRCDMNTslHQmC/An4clf4R0e/c4yuZJSdfzHC3F0ssQ==",
      "license": "MIT",
      "dependencies": {
        "@fleet-sdk/common": "^0.10.0",
        "@noble/hashes": "^1.8.0",
        "@scure/base": "^1.2.6"
      },
      "engines": {
        "node": ">=18"
      }
    },
    "node_modules/@fleet-sdk/serializer": {
      "version": "0.11.0",
      "resolved": "https://registry.npmjs.org/@fleet-sdk/serializer/-/serializer-0.11.0.tgz",
      "integrity": "sha512-EYun0nzxJn+23aOeaMM5COj62ibVrzgNOx2I6AM6P23mRs72I0Dv2prdBnU/lst4hqbNHi8a1E6UNvpjH2vhGQ==",
      "license": "MIT",
      "dependencies": {
        "@fleet-sdk/common": "^0.10.0",
        "@fleet-sdk/crypto": "^0.11.0"
      },
      "engines": {
        "node": ">=18"
      }
    },
    "node_modules/@noble/hashes": {
      "version": "1.8.0",
      "resolved": "https://registry.npmjs.org/@noble/hashes/-/hashes-1.8.0.tgz",
      "integrity": "sha512-jCs9ldd7NwzpgXDIf6P3+NrHh9/sD6CQdxHyjQI+h/6rDNo88ypBxxz45UDuZHz9r3tNz7N/VInSVoVdtXEI4A==",
      "license": "MIT",
      "engines": {
        "node": "^14.21.3 || >=16"
      },
      "funding": {
        "url": "https://paulmillr.com/funding/"
      }
    },
    "node_modules/@scure/base": {
      "version": "1.2.6",
      "resolved": "https://registry.npmjs.org/@scure/base/-/base-1.2.6.tgz",
      "integrity": "sha512-g/nm5FgUa//MCj1gV09zTJTaM6KBAHqLN907YVQqf7zC49+DcO4B1so4ZX07Ef10Twr6nuqYEH9GEggFXA4Fmg==",
      "license": "MIT",
      "funding": {
        "url": "https://paulmillr.com/funding/"
      }
    }
  }
}
